// !$*UTF8*$!
{
	archiveVersion = 1;
	classes = {
	};
	objectVersion = 77;
	objects = {

/* Begin PBXBuildFile section */
		E596CF092D6B62ED0018DDF8 /* CoreApiClient in Frameworks */ = {isa = PBXBuildFile; productRef = E596CF082D6B62ED0018DDF8 /* CoreApiClient */; };
/* End PBXBuildFile section */

/* Begin PBXContainerItemProxy section */
		E5CBBC5C2D6B5181006D0BC5 /* PBXContainerItemProxy */ = {
			isa = PBXContainerItemProxy;
			containerPortal = E5CBBC432D6B517E006D0BC5 /* Project object */;
			proxyType = 1;
			remoteGlobalIDString = E5CBBC4A2D6B517E006D0BC5;
			remoteInfo = iAppDemo;
		};
		E5CBBC662D6B5181006D0BC5 /* PBXContainerItemProxy */ = {
			isa = PBXContainerItemProxy;
			containerPortal = E5CBBC432D6B517E006D0BC5 /* Project object */;
			proxyType = 1;
			remoteGlobalIDString = E5CBBC4A2D6B517E006D0BC5;
			remoteInfo = iAppDemo;
		};
/* End PBXContainerItemProxy section */

/* Begin PBXFileReference section */
		E5CBBC4B2D6B517E006D0BC5 /* iAppDemo.app */ = {isa = PBXFileReference; explicitFileType = wrapper.application; includeInIndex = 0; path = iAppDemo.app; sourceTree = BUILT_PRODUCTS_DIR; };
		E5CBBC5B2D6B5181006D0BC5 /* iAppDemoTests.xctest */ = {isa = PBXFileReference; explicitFileType = wrapper.cfbundle; includeInIndex = 0; path = iAppDemoTests.xctest; sourceTree = BUILT_PRODUCTS_DIR; };
		E5CBBC652D6B5181006D0BC5 /* iAppDemoUITests.xctest */ = {isa = PBXFileReference; explicitFileType = wrapper.cfbundle; includeInIndex = 0; path = iAppDemoUITests.xctest; sourceTree = BUILT_PRODUCTS_DIR; };
/* End PBXFileReference section */

/* Begin PBXFileSystemSynchronizedRootGroup section */
		E5CBBC4D2D6B517E006D0BC5 /* iAppDemo */ = {
			isa = PBXFileSystemSynchronizedRootGroup;
			path = iAppDemo;
			sourceTree = "<group>";
		};
		E5CBBC5E2D6B5181006D0BC5 /* iAppDemoTests */ = {
			isa = PBXFileSystemSynchronizedRootGroup;
			path = iAppDemoTests;
			sourceTree = "<group>";
		};
		E5CBBC682D6B5181006D0BC5 /* iAppDemoUITests */ = {
			isa = PBXFileSystemSynchronizedRootGroup;
			path = iAppDemoUITests;
			sourceTree = "<group>";
		};
/* End PBXFileSystemSynchronizedRootGroup section */

/* Begin PBXFrameworksBuildPhase section */
		E5CBBC482D6B517E006D0BC5 /* Frameworks */ = {
			isa = PBXFrameworksBuildPhase;
			buildActionMask = 2147483647;
			files = (
				E596CF092D6B62ED0018DDF8 /* CoreApiClient in Frameworks */,
			);
			runOnlyForDeploymentPostprocessing = 0;
		};
		E5CBBC582D6B5181006D0BC5 /* Frameworks */ = {
			isa = PBXFrameworksBuildPhase;
			buildActionMask = 2147483647;
			files = (
			);
			runOnlyForDeploymentPostprocessing = 0;
		};
		E5CBBC622D6B5181006D0BC5 /* Frameworks */ = {
			isa = PBXFrameworksBuildPhase;
			buildActionMask = 2147483647;
			files = (
			);
			runOnlyForDeploymentPostprocessing = 0;
		};
/* End PBXFrameworksBuildPhase section */

/* Begin PBXGroup section */
		E5CBBC422D6B517E006D0BC5 = {
			isa = PBXGroup;
			children = (
				E5CBBC4D2D6B517E006D0BC5 /* iAppDemo */,
				E5CBBC5E2D6B5181006D0BC5 /* iAppDemoTests */,
				E5CBBC682D6B5181006D0BC5 /* iAppDemoUITests */,
				E5CBBC4C2D6B517E006D0BC5 /* Products */,
			);
			sourceTree = "<group>";
		};
		E5CBBC4C2D6B517E006D0BC5 /* Products */ = {
			isa = PBXGroup;
			children = (
				E5CBBC4B2D6B517E006D0BC5 /* iAppDemo.app */,
				E5CBBC5B2D6B5181006D0BC5 /* iAppDemoTests.xctest */,
				E5CBBC652D6B5181006D0BC5 /* iAppDemoUITests.xctest */,
			);
			name = Products;
			sourceTree = "<group>";
		};
/* End PBXGroup section */

/* Begin PBXNativeTarget section */
		E5CBBC4A2D6B517E006D0BC5 /* iAppDemo */ = {
			isa = PBXNativeTarget;
			buildConfigurationList = E5CBBC6F2D6B5181006D0BC5 /* Build configuration list for PBXNativeTarget "iAppDemo" */;
			buildPhases = (
				E5CBBC472D6B517E006D0BC5 /* Sources */,
				E5CBBC482D6B517E006D0BC5 /* Frameworks */,
				E5CBBC492D6B517E006D0BC5 /* Resources */,
			);
			buildRules = (
			);
			dependencies = (
			);
			fileSystemSynchronizedGroups = (
				E5CBBC4D2D6B517E006D0BC5 /* iAppDemo */,
			);
			name = iAppDemo;
			packageProductDependencies = (
				E596CF082D6B62ED0018DDF8 /* CoreApiClient */,
			);
			productName = iAppDemo;
			productReference = E5CBBC4B2D6B517E006D0BC5 /* iAppDemo.app */;
			productType = "com.apple.product-type.application";
		};
		E5CBBC5A2D6B5181006D0BC5 /* iAppDemoTests */ = {
			isa = PBXNativeTarget;
			buildConfigurationList = E5CBBC722D6B5181006D0BC5 /* Build configuration list for PBXNativeTarget "iAppDemoTests" */;
			buildPhases = (
				E5CBBC572D6B5181006D0BC5 /* Sources */,
				E5CBBC582D6B5181006D0BC5 /* Frameworks */,
				E5CBBC592D6B5181006D0BC5 /* Resources */,
			);
			buildRules = (
			);
			dependencies = (
				E5CBBC5D2D6B5181006D0BC5 /* PBXTargetDependency */,
			);
			fileSystemSynchronizedGroups = (
				E5CBBC5E2D6B5181006D0BC5 /* iAppDemoTests */,
			);
			name = iAppDemoTests;
			packageProductDependencies = (
			);
			productName = iAppDemoTests;
			productReference = E5CBBC5B2D6B5181006D0BC5 /* iAppDemoTests.xctest */;
			productType = "com.apple.product-type.bundle.unit-test";
		};
		E5CBBC642D6B5181006D0BC5 /* iAppDemoUITests */ = {
			isa = PBXNativeTarget;
			buildConfigurationList = E5CBBC752D6B5181006D0BC5 /* Build configuration list for PBXNativeTarget "iAppDemoUITests" */;
			buildPhases = (
				E5CBBC612D6B5181006D0BC5 /* Sources */,
				E5CBBC622D6B5181006D0BC5 /* Frameworks */,
				E5CBBC632D6B5181006D0BC5 /* Resources */,
			);
			buildRules = (
			);
			dependencies = (
				E5CBBC672D6B5181006D0BC5 /* PBXTargetDependency */,
			);
			fileSystemSynchronizedGroups = (
				E5CBBC682D6B5181006D0BC5 /* iAppDemoUITests */,
			);
			name = iAppDemoUITests;
			packageProductDependencies = (
			);
			productName = iAppDemoUITests;
			productReference = E5CBBC652D6B5181006D0BC5 /* iAppDemoUITests.xctest */;
			productType = "com.apple.product-type.bundle.ui-testing";
		};
/* End PBXNativeTarget section */

/* Begin PBXProject section */
		E5CBBC432D6B517E006D0BC5 /* Project object */ = {
			isa = PBXProject;
			attributes = {
				BuildIndependentTargetsInParallel = 1;
				LastSwiftUpdateCheck = 1620;
				LastUpgradeCheck = 1620;
				TargetAttributes = {
					E5CBBC4A2D6B517E006D0BC5 = {
						CreatedOnToolsVersion = 16.2;
					};
					E5CBBC5A2D6B5181006D0BC5 = {
						CreatedOnToolsVersion = 16.2;
						TestTargetID = E5CBBC4A2D6B517E006D0BC5;
					};
					E5CBBC642D6B5181006D0BC5 = {
						CreatedOnToolsVersion = 16.2;
						TestTargetID = E5CBBC4A2D6B517E006D0BC5;
					};
				};
			};
			buildConfigurationList = E5CBBC462D6B517E006D0BC5 /* Build configuration list for PBXProject "iAppDemo" */;
			developmentRegion = en;
			hasScannedForEncodings = 0;
			knownRegions = (
				en,
				Base,
			);
			mainGroup = E5CBBC422D6B517E006D0BC5;
			minimizedProjectReferenceProxies = 1;
			packageReferences = (
				E596CF072D6B62ED0018DDF8 /* XCRemoteSwiftPackageReference "CoreAPIClient" */,
			);
			preferredProjectObjectVersion = 77;
			productRefGroup = E5CBBC4C2D6B517E006D0BC5 /* Products */;
			projectDirPath = "";
			projectRoot = "";
			targets = (
				E5CBBC4A2D6B517E006D0BC5 /* iAppDemo */,
				E5CBBC5A2D6B5181006D0BC5 /* iAppDemoTests */,
				E5CBBC642D6B5181006D0BC5 /* iAppDemoUITests */,
			);
		};
/* End PBXProject section */

/* Begin PBXResourcesBuildPhase section */
		E5CBBC492D6B517E006D0BC5 /* Resources */ = {
			isa = PBXResourcesBuildPhase;
			buildActionMask = 2147483647;
			files = (
			);
			runOnlyForDeploymentPostprocessing = 0;
		};
		E5CBBC592D6B5181006D0BC5 /* Resources */ = {
			isa = PBXResourcesBuildPhase;
			buildActionMask = 2147483647;
			files = (
			);
			runOnlyForDeploymentPostprocessing = 0;
		};
		E5CBBC632D6B5181006D0BC5 /* Resources */ = {
			isa = PBXResourcesBuildPhase;
			buildActionMask = 2147483647;
			files = (
			);
			runOnlyForDeploymentPostprocessing = 0;
		};
/* End PBXResourcesBuildPhase section */

/* Begin PBXSourcesBuildPhase section */
		E5CBBC472D6B517E006D0BC5 /* Sources */ = {
			isa = PBXSourcesBuildPhase;
			buildActionMask = 2147483647;
			files = (
			);
			runOnlyForDeploymentPostprocessing = 0;
		};
		E5CBBC572D6B5181006D0BC5 /* Sources */ = {
			isa = PBXSourcesBuildPhase;
			buildActionMask = 2147483647;
			files = (
			);
			runOnlyForDeploymentPostprocessing = 0;
		};
		E5CBBC612D6B5181006D0BC5 /* Sources */ = {
			isa = PBXSourcesBuildPhase;
			buildActionMask = 2147483647;
			files = (
			);
			runOnlyForDeploymentPostprocessing = 0;
		};
/* End PBXSourcesBuildPhase section */

/* Begin PBXTargetDependency section */
		E5CBBC5D2D6B5181006D0BC5 /* PBXTargetDependency */ = {
			isa = PBXTargetDependency;
			target = E5CBBC4A2D6B517E006D0BC5 /* iAppDemo */;
			targetProxy = E5CBBC5C2D6B5181006D0BC5 /* PBXContainerItemProxy */;
		};
		E5CBBC672D6B5181006D0BC5 /* PBXTargetDependency */ = {
			isa = PBXTargetDependency;
			target = E5CBBC4A2D6B517E006D0BC5 /* iAppDemo */;
			targetProxy = E5CBBC662D6B5181006D0BC5 /* PBXContainerItemProxy */;
		};
/* End PBXTargetDependency section */

/* Begin XCBuildConfiguration section */
		E5CBBC6D2D6B5181006D0BC5 /* Debug */ = {
			isa = XCBuildConfiguration;
			buildSettings = {
				ALWAYS_SEARCH_USER_PATHS = NO;
				ASSETCATALOG_COMPILER_GENERATE_SWIFT_ASSET_SYMBOL_EXTENSIONS = YES;
				CLANG_ANALYZER_NONNULL = YES;
				CLANG_ANALYZER_NUMBER_OBJECT_CONVERSION = YES_AGGRESSIVE;
				CLANG_CXX_LANGUAGE_STANDARD = "gnu++20";
				CLANG_ENABLE_MODULES = YES;
				CLANG_ENABLE_OBJC_ARC = YES;
				CLANG_ENABLE_OBJC_WEAK = YES;
				CLANG_WARN_BLOCK_CAPTURE_AUTORELEASING = YES;
				CLANG_WARN_BOOL_CONVERSION = YES;
				CLANG_WARN_COMMA = YES;
				CLANG_WARN_CONSTANT_CONVERSION = YES;
				CLANG_WARN_DEPRECATED_OBJC_IMPLEMENTATIONS = YES;
				CLANG_WARN_DIRECT_OBJC_ISA_USAGE = YES_ERROR;
				CLANG_WARN_DOCUMENTATION_COMMENTS = YES;
				CLANG_WARN_EMPTY_BODY = YES;
				CLANG_WARN_ENUM_CONVERSION = YES;
				CLANG_WARN_INFINITE_RECURSION = YES;
				CLANG_WARN_INT_CONVERSION = YES;
				CLANG_WARN_NON_LITERAL_NULL_CONVERSION = YES;
				CLANG_WARN_OBJC_IMPLICIT_RETAIN_SELF = YES;
				CLANG_WARN_OBJC_LITERAL_CONVERSION = YES;
				CLANG_WARN_OBJC_ROOT_CLASS = YES_ERROR;
				CLANG_WARN_QUOTED_INCLUDE_IN_FRAMEWORK_HEADER = YES;
				CLANG_WARN_RANGE_LOOP_ANALYSIS = YES;
				CLANG_WARN_STRICT_PROTOTYPES = YES;
				CLANG_WARN_SUSPICIOUS_MOVE = YES;
				CLANG_WARN_UNGUARDED_AVAILABILITY = YES_AGGRESSIVE;
				CLANG_WARN_UNREACHABLE_CODE = YES;
				CLANG_WARN__DUPLICATE_METHOD_MATCH = YES;
				COPY_PHASE_STRIP = NO;
				DEBUG_INFORMATION_FORMAT = dwarf;
				ENABLE_STRICT_OBJC_MSGSEND = YES;
				ENABLE_TESTABILITY = YES;
				ENABLE_USER_SCRIPT_SANDBOXING = YES;
				GCC_C_LANGUAGE_STANDARD = gnu17;
				GCC_DYNAMIC_NO_PIC = NO;
				GCC_NO_COMMON_BLOCKS = YES;
				GCC_OPTIMIZATION_LEVEL = 0;
				GCC_PREPROCESSOR_DEFINITIONS = (
					"DEBUG=1",
					"$(inherited)",
				);
				GCC_WARN_64_TO_32_BIT_CONVERSION = YES;
				GCC_WARN_ABOUT_RETURN_TYPE = YES_ERROR;
				GCC_WARN_UNDECLARED_SELECTOR = YES;
				GCC_WARN_UNINITIALIZED_AUTOS = YES_AGGRESSIVE;
				GCC_WARN_UNUSED_FUNCTION = YES;
				GCC_WARN_UNUSED_VARIABLE = YES;
				IPHONEOS_DEPLOYMENT_TARGET = 18.2;
				LOCALIZATION_PREFERS_STRING_CATALOGS = YES;
				MTL_ENABLE_DEBUG_INFO = INCLUDE_SOURCE;
				MTL_FAST_MATH = YES;
				ONLY_ACTIVE_ARCH = YES;
				SDKROOT = iphoneos;
				SWIFT_ACTIVE_COMPILATION_CONDITIONS = "DEBUG $(inherited)";
				SWIFT_OPTIMIZATION_LEVEL = "-Onone";
			};
			name = Debug;
		};
		E5CBBC6E2D6B5181006D0BC5 /* Release */ = {
			isa = XCBuildConfiguration;
			buildSettings = {
				ALWAYS_SEARCH_USER_PATHS = NO;
				ASSETCATALOG_COMPILER_GENERATE_SWIFT_ASSET_SYMBOL_EXTENSIONS = YES;
				CLANG_ANALYZER_NONNULL = YES;
				CLANG_ANALYZER_NUMBER_OBJECT_CONVERSION = YES_AGGRESSIVE;
				CLANG_CXX_LANGUAGE_STANDARD = "gnu++20";
				CLANG_ENABLE_MODULES = YES;
				CLANG_ENABLE_OBJC_ARC = YES;
				CLANG_ENABLE_OBJC_WEAK = YES;
				CLANG_WARN_BLOCK_CAPTURE_AUTORELEASING = YES;
				CLANG_WARN_BOOL_CONVERSION = YES;
				CLANG_WARN_COMMA = YES;
				CLANG_WARN_CONSTANT_CONVERSION = YES;
				CLANG_WARN_DEPRECATED_OBJC_IMPLEMENTATIONS = YES;
				CLANG_WARN_DIRECT_OBJC_ISA_USAGE = YES_ERROR;
				CLANG_WARN_DOCUMENTATION_COMMENTS = YES;
				CLANG_WARN_EMPTY_BODY = YES;
				CLANG_WARN_ENUM_CONVERSION = YES;
				CLANG_WARN_INFINITE_RECURSION = YES;
				CLANG_WARN_INT_CONVERSION = YES;
				CLANG_WARN_NON_LITERAL_NULL_CONVERSION = YES;
				CLANG_WARN_OBJC_IMPLICIT_RETAIN_SELF = YES;
				CLANG_WARN_OBJC_LITERAL_CONVERSION = YES;
				CLANG_WARN_OBJC_ROOT_CLASS = YES_ERROR;
				CLANG_WARN_QUOTED_INCLUDE_IN_FRAMEWORK_HEADER = YES;
				CLANG_WARN_RANGE_LOOP_ANALYSIS = YES;
				CLANG_WARN_STRICT_PROTOTYPES = YES;
				CLANG_WARN_SUSPICIOUS_MOVE = YES;
				CLANG_WARN_UNGUARDED_AVAILABILITY = YES_AGGRESSIVE;
				CLANG_WARN_UNREACHABLE_CODE = YES;
				CLANG_WARN__DUPLICATE_METHOD_MATCH = YES;
				COPY_PHASE_STRIP = NO;
				DEBUG_INFORMATION_FORMAT = "dwarf-with-dsym";
				ENABLE_NS_ASSERTIONS = NO;
				ENABLE_STRICT_OBJC_MSGSEND = YES;
				ENABLE_USER_SCRIPT_SANDBOXING = YES;
				GCC_C_LANGUAGE_STANDARD = gnu17;
				GCC_NO_COMMON_BLOCKS = YES;
				GCC_WARN_64_TO_32_BIT_CONVERSION = YES;
				GCC_WARN_ABOUT_RETURN_TYPE = YES_ERROR;
				GCC_WARN_UNDECLARED_SELECTOR = YES;
				GCC_WARN_UNINITIALIZED_AUTOS = YES_AGGRESSIVE;
				GCC_WARN_UNUSED_FUNCTION = YES;
				GCC_WARN_UNUSED_VARIABLE = YES;
				IPHONEOS_DEPLOYMENT_TARGET = 18.2;
				LOCALIZATION_PREFERS_STRING_CATALOGS = YES;
				MTL_ENABLE_DEBUG_INFO = NO;
				MTL_FAST_MATH = YES;
				SDKROOT = iphoneos;
				SWIFT_COMPILATION_MODE = wholemodule;
				VALIDATE_PRODUCT = YES;
			};
			name = Release;
		};
		E5CBBC702D6B5181006D0BC5 /* Debug */ = {
			isa = XCBuildConfiguration;
			buildSettings = {
				ASSETCATALOG_COMPILER_APPICON_NAME = AppIcon;
				ASSETCATALOG_COMPILER_GLOBAL_ACCENT_COLOR_NAME = AccentColor;
				CODE_SIGN_STYLE = Automatic;
				CURRENT_PROJECT_VERSION = 1;
				DEVELOPMENT_ASSET_PATHS = "\"iAppDemo/Preview Content\"";
				DEVELOPMENT_TEAM = UYNJQRF54X;
				ENABLE_PREVIEWS = YES;
				GENERATE_INFOPLIST_FILE = YES;
				INFOPLIST_KEY_UIApplicationSceneManifest_Generation = YES;
				INFOPLIST_KEY_UIApplicationSupportsIndirectInputEvents = YES;
				INFOPLIST_KEY_UILaunchScreen_Generation = YES;
				INFOPLIST_KEY_UISupportedInterfaceOrientations_iPad = "UIInterfaceOrientationPortrait UIInterfaceOrientationPortraitUpsideDown UIInterfaceOrientationLandscapeLeft UIInterfaceOrientationLandscapeRight";
				INFOPLIST_KEY_UISupportedInterfaceOrientations_iPhone = "UIInterfaceOrientationPortrait UIInterfaceOrientationLandscapeLeft UIInterfaceOrientationLandscapeRight";
				LD_RUNPATH_SEARCH_PATHS = (
					"$(inherited)",
					"@executable_path/Frameworks",
				);
				MARKETING_VERSION = 1.0;
				PRODUCT_BUNDLE_IDENTIFIER = test.com.iAppDemo;
				PRODUCT_NAME = "$(TARGET_NAME)";
				SWIFT_EMIT_LOC_STRINGS = YES;
				SWIFT_VERSION = 5.0;
				TARGETED_DEVICE_FAMILY = "1,2";
			};
			name = Debug;
		};
		E5CBBC712D6B5181006D0BC5 /* Release */ = {
			isa = XCBuildConfiguration;
			buildSettings = {
				ASSETCATALOG_COMPILER_APPICON_NAME = AppIcon;
				ASSETCATALOG_COMPILER_GLOBAL_ACCENT_COLOR_NAME = AccentColor;
				CODE_SIGN_STYLE = Automatic;
				CURRENT_PROJECT_VERSION = 1;
				DEVELOPMENT_ASSET_PATHS = "\"iAppDemo/Preview Content\"";
				DEVELOPMENT_TEAM = UYNJQRF54X;
				ENABLE_PREVIEWS = YES;
				GENERATE_INFOPLIST_FILE = YES;
				INFOPLIST_KEY_UIApplicationSceneManifest_Generation = YES;
				INFOPLIST_KEY_UIApplicationSupportsIndirectInputEvents = YES;
				INFOPLIST_KEY_UILaunchScreen_Generation = YES;
				INFOPLIST_KEY_UISupportedInterfaceOrientations_iPad = "UIInterfaceOrientationPortrait UIInterfaceOrientationPortraitUpsideDown UIInterfaceOrientationLandscapeLeft UIInterfaceOrientationLandscapeRight";
				INFOPLIST_KEY_UISupportedInterfaceOrientations_iPhone = "UIInterfaceOrientationPortrait UIInterfaceOrientationLandscapeLeft UIInterfaceOrientationLandscapeRight";
				LD_RUNPATH_SEARCH_PATHS = (
					"$(inherited)",
					"@executable_path/Frameworks",
				);
				MARKETING_VERSION = 1.0;
				PRODUCT_BUNDLE_IDENTIFIER = test.com.iAppDemo;
				PRODUCT_NAME = "$(TARGET_NAME)";
				SWIFT_EMIT_LOC_STRINGS = YES;
				SWIFT_VERSION = 5.0;
				TARGETED_DEVICE_FAMILY = "1,2";
			};
			name = Release;
		};
		E5CBBC732D6B5181006D0BC5 /* Debug */ = {
			isa = XCBuildConfiguration;
			buildSettings = {
				BUNDLE_LOADER = "$(TEST_HOST)";
				CODE_SIGN_STYLE = Automatic;
				CURRENT_PROJECT_VERSION = 1;
				DEVELOPMENT_TEAM = UYNJQRF54X;
				GENERATE_INFOPLIST_FILE = YES;
				IPHONEOS_DEPLOYMENT_TARGET = 18.2;
				MARKETING_VERSION = 1.0;
				PRODUCT_BUNDLE_IDENTIFIER = test.com.iAppDemoTests;
				PRODUCT_NAME = "$(TARGET_NAME)";
				SWIFT_EMIT_LOC_STRINGS = NO;
				SWIFT_VERSION = 5.0;
				TARGETED_DEVICE_FAMILY = "1,2";
				TEST_HOST = "$(BUILT_PRODUCTS_DIR)/iAppDemo.app/$(BUNDLE_EXECUTABLE_FOLDER_PATH)/iAppDemo";
			};
			name = Debug;
		};
		E5CBBC742D6B5181006D0BC5 /* Release */ = {
			isa = XCBuildConfiguration;
			buildSettings = {
				BUNDLE_LOADER = "$(TEST_HOST)";
				CODE_SIGN_STYLE = Automatic;
				CURRENT_PROJECT_VERSION = 1;
				DEVELOPMENT_TEAM = UYNJQRF54X;
				GENERATE_INFOPLIST_FILE = YES;
				IPHONEOS_DEPLOYMENT_TARGET = 18.2;
				MARKETING_VERSION = 1.0;
				PRODUCT_BUNDLE_IDENTIFIER = test.com.iAppDemoTests;
				PRODUCT_NAME = "$(TARGET_NAME)";
				SWIFT_EMIT_LOC_STRINGS = NO;
				SWIFT_VERSION = 5.0;
				TARGETED_DEVICE_FAMILY = "1,2";
				TEST_HOST = "$(BUILT_PRODUCTS_DIR)/iAppDemo.app/$(BUNDLE_EXECUTABLE_FOLDER_PATH)/iAppDemo";
			};
			name = Release;
		};
		E5CBBC762D6B5181006D0BC5 /* Debug */ = {
			isa = XCBuildConfiguration;
			buildSettings = {
				CODE_SIGN_STYLE = Automatic;
				CURRENT_PROJECT_VERSION = 1;
				DEVELOPMENT_TEAM = UYNJQRF54X;
				GENERATE_INFOPLIST_FILE = YES;
				MARKETING_VERSION = 1.0;
				PRODUCT_BUNDLE_IDENTIFIER = test.com.iAppDemoUITests;
				PRODUCT_NAME = "$(TARGET_NAME)";
				SWIFT_EMIT_LOC_STRINGS = NO;
				SWIFT_VERSION = 5.0;
				TARGETED_DEVICE_FAMILY = "1,2";
				TEST_TARGET_NAME = iAppDemo;
			};
			name = Debug;
		};
		E5CBBC772D6B5181006D0BC5 /* Release */ = {
			isa = XCBuildConfiguration;
			buildSettings = {
				CODE_SIGN_STYLE = Automatic;
				CURRENT_PROJECT_VERSION = 1;
				DEVELOPMENT_TEAM = UYNJQRF54X;
				GENERATE_INFOPLIST_FILE = YES;
				MARKETING_VERSION = 1.0;
				PRODUCT_BUNDLE_IDENTIFIER = test.com.iAppDemoUITests;
				PRODUCT_NAME = "$(TARGET_NAME)";
				SWIFT_EMIT_LOC_STRINGS = NO;
				SWIFT_VERSION = 5.0;
				TARGETED_DEVICE_FAMILY = "1,2";
				TEST_TARGET_NAME = iAppDemo;
			};
			name = Release;
		};
/* End XCBuildConfiguration section */

/* Begin XCConfigurationList section */
		E5CBBC462D6B517E006D0BC5 /* Build configuration list for PBXProject "iAppDemo" */ = {
			isa = XCConfigurationList;
			buildConfigurations = (
				E5CBBC6D2D6B5181006D0BC5 /* Debug */,
				E5CBBC6E2D6B5181006D0BC5 /* Release */,
			);
			defaultConfigurationIsVisible = 0;
			defaultConfigurationName = Release;
		};
		E5CBBC6F2D6B5181006D0BC5 /* Build configuration list for PBXNativeTarget "iAppDemo" */ = {
			isa = XCConfigurationList;
			buildConfigurations = (
				E5CBBC702D6B5181006D0BC5 /* Debug */,
				E5CBBC712D6B5181006D0BC5 /* Release */,
			);
			defaultConfigurationIsVisible = 0;
			defaultConfigurationName = Release;
		};
		E5CBBC722D6B5181006D0BC5 /* Build configuration list for PBXNativeTarget "iAppDemoTests" */ = {
			isa = XCConfigurationList;
			buildConfigurations = (
				E5CBBC732D6B5181006D0BC5 /* Debug */,
				E5CBBC742D6B5181006D0BC5 /* Release */,
			);
			defaultConfigurationIsVisible = 0;
			defaultConfigurationName = Release;
		};
		E5CBBC752D6B5181006D0BC5 /* Build configuration list for PBXNativeTarget "iAppDemoUITests" */ = {
			isa = XCConfigurationList;
			buildConfigurations = (
				E5CBBC762D6B5181006D0BC5 /* Debug */,
				E5CBBC772D6B5181006D0BC5 /* Release */,
			);
			defaultConfigurationIsVisible = 0;
			defaultConfigurationName = Release;
		};
/* End XCConfigurationList section */

/* Begin XCRemoteSwiftPackageReference section */
		E596CF072D6B62ED0018DDF8 /* XCRemoteSwiftPackageReference "CoreAPIClient" */ = {
			isa = XCRemoteSwiftPackageReference;
			repositoryURL = "https://github.com/natalliapetrachenka/CoreAPIClient.git";
			requirement = {
				kind = upToNextMajorVersion;
				minimumVersion = 1.0.0;
			};
		};
/* End XCRemoteSwiftPackageReference section */

/* Begin XCSwiftPackageProductDependency section */
		E596CF082D6B62ED0018DDF8 /* CoreApiClient */ = {
			isa = XCSwiftPackageProductDependency;
			package = E596CF072D6B62ED0018DDF8 /* XCRemoteSwiftPackageReference "CoreAPIClient" */;
			productName = CoreApiClient;
		};
/* End XCSwiftPackageProductDependency section */
	};
	rootObject = E5CBBC432D6B517E006D0BC5 /* Project object */;
}
